// !$*UTF8*$!
{
	archiveVersion = 1;
	classes = {
	};
	objectVersion = 46;
	objects = {

/* Begin PBXBuildFile section */
		AC3B2D7A1ECDA81E00A1DAEF /* ToDoTableViewController.swift in Sources */ = {isa = PBXBuildFile; fileRef = AC3B2D791ECDA81E00A1DAEF /* ToDoTableViewController.swift */; };
		AC3B2D7C1ECDA84400A1DAEF /* SummaryViewController.swift in Sources */ = {isa = PBXBuildFile; fileRef = AC3B2D7B1ECDA84400A1DAEF /* SummaryViewController.swift */; };
		AC3B2D7E1ECDA86600A1DAEF /* AddEditViewController.swift in Sources */ = {isa = PBXBuildFile; fileRef = AC3B2D7D1ECDA86600A1DAEF /* AddEditViewController.swift */; };
		AC3B2D801ECDCEFC00A1DAEF /* ToDoTableViewCell.swift in Sources */ = {isa = PBXBuildFile; fileRef = AC3B2D7F1ECDCEFC00A1DAEF /* ToDoTableViewCell.swift */; };
		AC49FD931ECDA368004F27F8 /* AppDelegate.swift in Sources */ = {isa = PBXBuildFile; fileRef = AC49FD921ECDA368004F27F8 /* AppDelegate.swift */; };
		AC49FD981ECDA368004F27F8 /* Main.storyboard in Resources */ = {isa = PBXBuildFile; fileRef = AC49FD961ECDA368004F27F8 /* Main.storyboard */; };
		AC49FD9B1ECDA368004F27F8 /* ToDo_Exams.xcdatamodeld in Sources */ = {isa = PBXBuildFile; fileRef = AC49FD991ECDA368004F27F8 /* ToDo_Exams.xcdatamodeld */; };
		AC49FD9D1ECDA369004F27F8 /* Assets.xcassets in Resources */ = {isa = PBXBuildFile; fileRef = AC49FD9C1ECDA369004F27F8 /* Assets.xcassets */; };
		AC49FDA01ECDA369004F27F8 /* LaunchScreen.storyboard in Resources */ = {isa = PBXBuildFile; fileRef = AC49FD9E1ECDA369004F27F8 /* LaunchScreen.storyboard */; };
/* End PBXBuildFile section */

/* Begin PBXFileReference section */
		AC3B2D791ECDA81E00A1DAEF /* ToDoTableViewController.swift */ = {isa = PBXFileReference; fileEncoding = 4; lastKnownFileType = sourcecode.swift; path = ToDoTableViewController.swift; sourceTree = "<group>"; };
		AC3B2D7B1ECDA84400A1DAEF /* SummaryViewController.swift */ = {isa = PBXFileReference; fileEncoding = 4; lastKnownFileType = sourcecode.swift; path = SummaryViewController.swift; sourceTree = "<group>"; };
		AC3B2D7D1ECDA86600A1DAEF /* AddEditViewController.swift */ = {isa = PBXFileReference; fileEncoding = 4; lastKnownFileType = sourcecode.swift; path = AddEditViewController.swift; sourceTree = "<group>"; };
		AC3B2D7F1ECDCEFC00A1DAEF /* ToDoTableViewCell.swift */ = {isa = PBXFileReference; fileEncoding = 4; lastKnownFileType = sourcecode.swift; path = ToDoTableViewCell.swift; sourceTree = "<group>"; };
		AC49FD8F1ECDA368004F27F8 /* ToDo Exams.app */ = {isa = PBXFileReference; explicitFileType = wrapper.application; includeInIndex = 0; path = "ToDo Exams.app"; sourceTree = BUILT_PRODUCTS_DIR; };
		AC49FD921ECDA368004F27F8 /* AppDelegate.swift */ = {isa = PBXFileReference; lastKnownFileType = sourcecode.swift; path = AppDelegate.swift; sourceTree = "<group>"; };
		AC49FD971ECDA368004F27F8 /* Base */ = {isa = PBXFileReference; lastKnownFileType = file.storyboard; name = Base; path = Base.lproj/Main.storyboard; sourceTree = "<group>"; };
		AC49FD9A1ECDA368004F27F8 /* ToDo_Exams.xcdatamodel */ = {isa = PBXFileReference; lastKnownFileType = wrapper.xcdatamodel; path = ToDo_Exams.xcdatamodel; sourceTree = "<group>"; };
		AC49FD9C1ECDA369004F27F8 /* Assets.xcassets */ = {isa = PBXFileReference; lastKnownFileType = folder.assetcatalog; path = Assets.xcassets; sourceTree = "<group>"; };
		AC49FD9F1ECDA369004F27F8 /* Base */ = {isa = PBXFileReference; lastKnownFileType = file.storyboard; name = Base; path = Base.lproj/LaunchScreen.storyboard; sourceTree = "<group>"; };
		AC49FDA11ECDA369004F27F8 /* Info.plist */ = {isa = PBXFileReference; lastKnownFileType = text.plist.xml; path = Info.plist; sourceTree = "<group>"; };
/* End PBXFileReference section */

/* Begin PBXFrameworksBuildPhase section */
		AC49FD8C1ECDA368004F27F8 /* Frameworks */ = {
			isa = PBXFrameworksBuildPhase;
			buildActionMask = 2147483647;
			files = (
			);
			runOnlyForDeploymentPostprocessing = 0;
		};
/* End PBXFrameworksBuildPhase section */

/* Begin PBXGroup section */
		AC49FD861ECDA368004F27F8 = {
			isa = PBXGroup;
			children = (
				AC49FD911ECDA368004F27F8 /* ToDo Exams */,
				AC49FD901ECDA368004F27F8 /* Products */,
			);
			sourceTree = "<group>";
		};
		AC49FD901ECDA368004F27F8 /* Products */ = {
			isa = PBXGroup;
			children = (
				AC49FD8F1ECDA368004F27F8 /* ToDo Exams.app */,
			);
			name = Products;
			sourceTree = "<group>";
		};
		AC49FD911ECDA368004F27F8 /* ToDo Exams */ = {
			isa = PBXGroup;
			children = (
				AC49FD921ECDA368004F27F8 /* AppDelegate.swift */,
				AC49FD961ECDA368004F27F8 /* Main.storyboard */,
				AC49FD9C1ECDA369004F27F8 /* Assets.xcassets */,
				AC49FD9E1ECDA369004F27F8 /* LaunchScreen.storyboard */,
				AC49FDA11ECDA369004F27F8 /* Info.plist */,
				AC49FD991ECDA368004F27F8 /* ToDo_Exams.xcdatamodeld */,
				AC3B2D791ECDA81E00A1DAEF /* ToDoTableViewController.swift */,
				AC3B2D7B1ECDA84400A1DAEF /* SummaryViewController.swift */,
				AC3B2D7D1ECDA86600A1DAEF /* AddEditViewController.swift */,
				AC3B2D7F1ECDCEFC00A1DAEF /* ToDoTableViewCell.swift */,
			);
			path = "ToDo Exams";
			sourceTree = "<group>";
		};
/* End PBXGroup section */

/* Begin PBXNativeTarget section */
		AC49FD8E1ECDA368004F27F8 /* ToDo Exams */ = {
			isa = PBXNativeTarget;
			buildConfigurationList = AC49FDA41ECDA369004F27F8 /* Build configuration list for PBXNativeTarget "ToDo Exams" */;
			buildPhases = (
				AC49FD8B1ECDA368004F27F8 /* Sources */,
				AC49FD8C1ECDA368004F27F8 /* Frameworks */,
				AC49FD8D1ECDA368004F27F8 /* Resources */,
			);
			buildRules = (
			);
			dependencies = (
			);
			name = "ToDo Exams";
			productName = "ToDo Exams";
			productReference = AC49FD8F1ECDA368004F27F8 /* ToDo Exams.app */;
			productType = "com.apple.product-type.application";
		};
/* End PBXNativeTarget section */

/* Begin PBXProject section */
		AC49FD871ECDA368004F27F8 /* Project object */ = {
			isa = PBXProject;
			attributes = {
				LastSwiftUpdateCheck = 0820;
				LastUpgradeCheck = 0820;
				ORGANIZATIONNAME = "Hamza Ghani";
				TargetAttributes = {
					AC49FD8E1ECDA368004F27F8 = {
						CreatedOnToolsVersion = 8.2.1;
						ProvisioningStyle = Automatic;
					};
				};
			};
			buildConfigurationList = AC49FD8A1ECDA368004F27F8 /* Build configuration list for PBXProject "ToDo Exams" */;
			compatibilityVersion = "Xcode 3.2";
			developmentRegion = English;
			hasScannedForEncodings = 0;
			knownRegions = (
				en,
				Base,
			);
			mainGroup = AC49FD861ECDA368004F27F8;
			productRefGroup = AC49FD901ECDA368004F27F8 /* Products */;
			projectDirPath = "";
			projectRoot = "";
			targets = (
				AC49FD8E1ECDA368004F27F8 /* ToDo Exams */,
			);
		};
/* End PBXProject section */

/* Begin PBXResourcesBuildPhase section */
		AC49FD8D1ECDA368004F27F8 /* Resources */ = {
			isa = PBXResourcesBuildPhase;
			buildActionMask = 2147483647;
			files = (
				AC49FDA01ECDA369004F27F8 /* LaunchScreen.storyboard in Resources */,
				AC49FD9D1ECDA369004F27F8 /* Assets.xcassets in Resources */,
				AC49FD981ECDA368004F27F8 /* Main.storyboard in Resources */,
			);
			runOnlyForDeploymentPostprocessing = 0;
		};
/* End PBXResourcesBuildPhase section */

/* Begin PBXSourcesBuildPhase section */
		AC49FD8B1ECDA368004F27F8 /* Sources */ = {
			isa = PBXSourcesBuildPhase;
			buildActionMask = 2147483647;
			files = (
				AC49FD9B1ECDA368004F27F8 /* ToDo_Exams.xcdatamodeld in Sources */,
				AC3B2D7E1ECDA86600A1DAEF /* AddEditViewController.swift in Sources */,
				AC3B2D7A1ECDA81E00A1DAEF /* ToDoTableViewController.swift in Sources */,
				AC3B2D801ECDCEFC00A1DAEF /* ToDoTableViewCell.swift in Sources */,
				AC49FD931ECDA368004F27F8 /* AppDelegate.swift in Sources */,
				AC3B2D7C1ECDA84400A1DAEF /* SummaryViewController.swift in Sources */,
			);
			runOnlyForDeploymentPostprocessing = 0;
		};
/* End PBXSourcesBuildPhase section */

/* Begin PBXVariantGroup section */
		AC49FD961ECDA368004F27F8 /* Main.storyboard */ = {
			isa = PBXVariantGroup;
			children = (
				AC49FD971ECDA368004F27F8 /* Base */,
			);
			name = Main.storyboard;
			sourceTree = "<group>";
		};
		AC49FD9E1ECDA369004F27F8 /* LaunchScreen.storyboard */ = {
			isa = PBXVariantGroup;
			children = (
				AC49FD9F1ECDA369004F27F8 /* Base */,
			);
			name = LaunchScreen.storyboard;
			sourceTree = "<group>";
		};
/* End PBXVariantGroup section */

/* Begin XCBuildConfiguration section */
		AC49FDA21ECDA369004F27F8 /* Debug */ = {
			isa = XCBuildConfiguration;
			buildSettings = {
				ALWAYS_SEARCH_USER_PATHS = NO;
				CLANG_ANALYZER_NONNULL = YES;
				CLANG_CXX_LANGUAGE_STANDARD = "gnu++0x";
				CLANG_CXX_LIBRARY = "libc++";
				CLANG_ENABLE_MODULES = YES;
				CLANG_ENABLE_OBJC_ARC = YES;
				CLANG_WARN_BOOL_CONVERSION = YES;
				CLANG_WARN_CONSTANT_CONVERSION = YES;
				CLANG_WARN_DIRECT_OBJC_ISA_USAGE = YES_ERROR;
				CLANG_WARN_DOCUMENTATION_COMMENTS = YES;
				CLANG_WARN_EMPTY_BODY = YES;
				CLANG_WARN_ENUM_CONVERSION = YES;
				CLANG_WARN_INFINITE_RECURSION = YES;
				CLANG_WARN_INT_CONVERSION = YES;
				CLANG_WARN_OBJC_ROOT_CLASS = YES_ERROR;
				CLANG_WARN_SUSPICIOUS_MOVE = YES;
				CLANG_WARN_UNREACHABLE_CODE = YES;
				CLANG_WARN__DUPLICATE_METHOD_MATCH = YES;
				"CODE_SIGN_IDENTITY[sdk=iphoneos*]" = "iPhone Developer";
				COPY_PHASE_STRIP = NO;
				DEBUG_INFORMATION_FORMAT = dwarf;
				ENABLE_STRICT_OBJC_MSGSEND = YES;
				ENABLE_TESTABILITY = YES;
				GCC_C_LANGUAGE_STANDARD = gnu99;
				GCC_DYNAMIC_NO_PIC = NO;
				GCC_NO_COMMON_BLOCKS = YES;
				GCC_OPTIMIZATION_LEVEL = 0;
				GCC_PREPROCESSOR_DEFINITIONS = (
					"DEBUG=1",
					"$(inherited)",
				);
				GCC_WARN_64_TO_32_BIT_CONVERSION = YES;
				GCC_WARN_ABOUT_RETURN_TYPE = YES_ERROR;
				GCC_WARN_UNDECLARED_SELECTOR = YES;
				GCC_WARN_UNINITIALIZED_AUTOS = YES_AGGRESSIVE;
				GCC_WARN_UNUSED_FUNCTION = YES;
				GCC_WARN_UNUSED_VARIABLE = YES;
				IPHONEOS_DEPLOYMENT_TARGET = 10.2;
				MTL_ENABLE_DEBUG_INFO = YES;
				ONLY_ACTIVE_ARCH = YES;
				SDKROOT = iphoneos;
				SWIFT_ACTIVE_COMPILATION_CONDITIONS = DEBUG;
				SWIFT_OPTIMIZATION_LEVEL = "-Onone";
				TARGETED_DEVICE_FAMILY = "1,2";
			};
			name = Debug;
		};
		AC49FDA31ECDA369004F27F8 /* Release */ = {
			isa = XCBuildConfiguration;
			buildSettings = {
				ALWAYS_SEARCH_USER_PATHS = NO;
				CLANG_ANALYZER_NONNULL = YES;
				CLANG_CXX_LANGUAGE_STANDARD = "gnu++0x";
				CLANG_CXX_LIBRARY = "libc++";
				CLANG_ENABLE_MODULES = YES;
				CLANG_ENABLE_OBJC_ARC = YES;
				CLANG_WARN_BOOL_CONVERSION = YES;
				CLANG_WARN_CONSTANT_CONVERSION = YES;
				CLANG_WARN_DIRECT_OBJC_ISA_USAGE = YES_ERROR;
				CLANG_WARN_DOCUMENTATION_COMMENTS = YES;
				CLANG_WARN_EMPTY_BODY = YES;
				CLANG_WARN_ENUM_CONVERSION = YES;
				CLANG_WARN_INFINITE_RECURSION = YES;
				CLANG_WARN_INT_CONVERSION = YES;
				CLANG_WARN_OBJC_ROOT_CLASS = YES_ERROR;
				CLANG_WARN_SUSPICIOUS_MOVE = YES;
				CLANG_WARN_UNREACHABLE_CODE = YES;
				CLANG_WARN__DUPLICATE_METHOD_MATCH = YES;
				"CODE_SIGN_IDENTITY[sdk=iphoneos*]" = "iPhone Developer";
				COPY_PHASE_STRIP = NO;
				DEBUG_INFORMATION_FORMAT = "dwarf-with-dsym";
				ENABLE_NS_ASSERTIONS = NO;
				ENABLE_STRICT_OBJC_MSGSEND = YES;
				GCC_C_LANGUAGE_STANDARD = gnu99;
				GCC_NO_COMMON_BLOCKS = YES;
				GCC_WARN_64_TO_32_BIT_CONVERSION = YES;
				GCC_WARN_ABOUT_RETURN_TYPE = YES_ERROR;
				GCC_WARN_UNDECLARED_SELECTOR = YES;
				GCC_WARN_UNINITIALIZED_AUTOS = YES_AGGRESSIVE;
				GCC_WARN_UNUSED_FUNCTION = YES;
				GCC_WARN_UNUSED_VARIABLE = YES;
				IPHONEOS_DEPLOYMENT_TARGET = 10.2;
				MTL_ENABLE_DEBUG_INFO = NO;
				SDKROOT = iphoneos;
				SWIFT_OPTIMIZATION_LEVEL = "-Owholemodule";
				TARGETED_DEVICE_FAMILY = "1,2";
				VALIDATE_PRODUCT = YES;
			};
			name = Release;
		};
		AC49FDA51ECDA369004F27F8 /* Debug */ = {
			isa = XCBuildConfiguration;
			buildSettings = {
				ASSETCATALOG_COMPILER_APPICON_NAME = AppIcon;
				INFOPLIST_FILE = "ToDo Exams/Info.plist";
				LD_RUNPATH_SEARCH_PATHS = "$(inherited) @executable_path/Frameworks";
				PRODUCT_BUNDLE_IDENTIFIER = "io.github.hufghani.ToDo-Exams";
				PRODUCT_NAME = "$(TARGET_NAME)";
				SWIFT_VERSION = 3.0;
			};
			name = Debug;
		};
		AC49FDA61ECDA369004F27F8 /* Release */ = {
			isa = XCBuildConfiguration;
			buildSettings = {
				ASSETCATALOG_COMPILER_APPICON_NAME = AppIcon;
				INFOPLIST_FILE = "ToDo Exams/Info.plist";
				LD_RUNPATH_SEARCH_PATHS = "$(inherited) @executable_path/Frameworks";
				PRODUCT_BUNDLE_IDENTIFIER = "io.github.hufghani.ToDo-Exams";
				PRODUCT_NAME = "$(TARGET_NAME)";
				SWIFT_VERSION = 3.0;
			};
			name = Release;
		};
/* End XCBuildConfiguration section */

/* Begin XCConfigurationList section */
		AC49FD8A1ECDA368004F27F8 /* Build configuration list for PBXProject "ToDo Exams" */ = {
			isa = XCConfigurationList;
			buildConfigurations = (
				AC49FDA21ECDA369004F27F8 /* Debug */,
				AC49FDA31ECDA369004F27F8 /* Release */,
			);
			defaultConfigurationIsVisible = 0;
			defaultConfigurationName = Release;
		};
		AC49FDA41ECDA369004F27F8 /* Build configuration list for PBXNativeTarget "ToDo Exams" */ = {
			isa = XCConfigurationList;
			buildConfigurations = (
				AC49FDA51ECDA369004F27F8 /* Debug */,
				AC49FDA61ECDA369004F27F8 /* Release */,
			);
			defaultConfigurationIsVisible = 0;
			defaultConfigurationName = Release;
		};
/* End XCConfigurationList section */

/* Begin XCVersionGroup section */
		AC49FD991ECDA368004F27F8 /* ToDo_Exams.xcdatamodeld */ = {
			isa = XCVersionGroup;
			children = (
				AC49FD9A1ECDA368004F27F8 /* ToDo_Exams.xcdatamodel */,
			);
			currentVersion = AC49FD9A1ECDA368004F27F8 /* ToDo_Exams.xcdatamodel */;
			path = ToDo_Exams.xcdatamodeld;
			sourceTree = "<group>";
			versionGroupType = wrapper.xcdatamodel;
		};
/* End XCVersionGroup section */
	};
	rootObject = AC49FD871ECDA368004F27F8 /* Project object */;
}
