// !$*UTF8*$!
{
	archiveVersion = 1;
	classes = {
	};
	objectVersion = 46;
	objects = {

/* Begin PBXBuildFile section */
		7A4449721EC75CDF0026BE9E /* AppDelegate.swift in Sources */ = {isa = PBXBuildFile; fileRef = 7A4449711EC75CDF0026BE9E /* AppDelegate.swift */; };
		7A4449741EC75CDF0026BE9E /* ViewController.swift in Sources */ = {isa = PBXBuildFile; fileRef = 7A4449731EC75CDF0026BE9E /* ViewController.swift */; };
		7A4449771EC75CDF0026BE9E /* Main.storyboard in Resources */ = {isa = PBXBuildFile; fileRef = 7A4449751EC75CDF0026BE9E /* Main.storyboard */; };
		7A4449791EC75CDF0026BE9E /* Assets.xcassets in Resources */ = {isa = PBXBuildFile; fileRef = 7A4449781EC75CDF0026BE9E /* Assets.xcassets */; };
		7A44497C1EC75CDF0026BE9E /* LaunchScreen.storyboard in Resources */ = {isa = PBXBuildFile; fileRef = 7A44497A1EC75CDF0026BE9E /* LaunchScreen.storyboard */; };
		7A4449841EC75D400026BE9E /* WeatherForcastTableViewController.swift in Sources */ = {isa = PBXBuildFile; fileRef = 7A4449831EC75D400026BE9E /* WeatherForcastTableViewController.swift */; };
		7A4449861EC75DE20026BE9E /* Hourly.swift in Sources */ = {isa = PBXBuildFile; fileRef = 7A4449851EC75DE20026BE9E /* Hourly.swift */; };
/* End PBXBuildFile section */

/* Begin PBXFileReference section */
		7A44496E1EC75CDF0026BE9E /* Weather forecast 2.0.app */ = {isa = PBXFileReference; explicitFileType = wrapper.application; includeInIndex = 0; path = "Weather forecast 2.0.app"; sourceTree = BUILT_PRODUCTS_DIR; };
		7A4449711EC75CDF0026BE9E /* AppDelegate.swift */ = {isa = PBXFileReference; lastKnownFileType = sourcecode.swift; path = AppDelegate.swift; sourceTree = "<group>"; };
		7A4449731EC75CDF0026BE9E /* ViewController.swift */ = {isa = PBXFileReference; lastKnownFileType = sourcecode.swift; path = ViewController.swift; sourceTree = "<group>"; };
		7A4449761EC75CDF0026BE9E /* Base */ = {isa = PBXFileReference; lastKnownFileType = file.storyboard; name = Base; path = Base.lproj/Main.storyboard; sourceTree = "<group>"; };
		7A4449781EC75CDF0026BE9E /* Assets.xcassets */ = {isa = PBXFileReference; lastKnownFileType = folder.assetcatalog; path = Assets.xcassets; sourceTree = "<group>"; };
		7A44497B1EC75CDF0026BE9E /* Base */ = {isa = PBXFileReference; lastKnownFileType = file.storyboard; name = Base; path = Base.lproj/LaunchScreen.storyboard; sourceTree = "<group>"; };
		7A44497D1EC75CDF0026BE9E /* Info.plist */ = {isa = PBXFileReference; lastKnownFileType = text.plist.xml; path = Info.plist; sourceTree = "<group>"; };
		7A4449831EC75D400026BE9E /* WeatherForcastTableViewController.swift */ = {isa = PBXFileReference; fileEncoding = 4; lastKnownFileType = sourcecode.swift; path = WeatherForcastTableViewController.swift; sourceTree = "<group>"; };
		7A4449851EC75DE20026BE9E /* Hourly.swift */ = {isa = PBXFileReference; fileEncoding = 4; lastKnownFileType = sourcecode.swift; path = Hourly.swift; sourceTree = "<group>"; };
/* End PBXFileReference section */

/* Begin PBXFrameworksBuildPhase section */
		7A44496B1EC75CDF0026BE9E /* Frameworks */ = {
			isa = PBXFrameworksBuildPhase;
			buildActionMask = 2147483647;
			files = (
			);
			runOnlyForDeploymentPostprocessing = 0;
		};
/* End PBXFrameworksBuildPhase section */

/* Begin PBXGroup section */
		7A4449651EC75CDF0026BE9E = {
			isa = PBXGroup;
			children = (
				7A4449701EC75CDF0026BE9E /* Weather forecast 2.0 */,
				7A44496F1EC75CDF0026BE9E /* Products */,
			);
			sourceTree = "<group>";
		};
		7A44496F1EC75CDF0026BE9E /* Products */ = {
			isa = PBXGroup;
			children = (
				7A44496E1EC75CDF0026BE9E /* Weather forecast 2.0.app */,
			);
			name = Products;
			sourceTree = "<group>";
		};
		7A4449701EC75CDF0026BE9E /* Weather forecast 2.0 */ = {
			isa = PBXGroup;
			children = (
				7A4449711EC75CDF0026BE9E /* AppDelegate.swift */,
				7A4449731EC75CDF0026BE9E /* ViewController.swift */,
				7A4449751EC75CDF0026BE9E /* Main.storyboard */,
				7A4449781EC75CDF0026BE9E /* Assets.xcassets */,
				7A44497A1EC75CDF0026BE9E /* LaunchScreen.storyboard */,
				7A44497D1EC75CDF0026BE9E /* Info.plist */,
				7A4449831EC75D400026BE9E /* WeatherForcastTableViewController.swift */,
				7A4449851EC75DE20026BE9E /* Hourly.swift */,
			);
			path = "Weather forecast 2.0";
			sourceTree = "<group>";
		};
/* End PBXGroup section */

/* Begin PBXNativeTarget section */
		7A44496D1EC75CDF0026BE9E /* Weather forecast 2.0 */ = {
			isa = PBXNativeTarget;
			buildConfigurationList = 7A4449801EC75CDF0026BE9E /* Build configuration list for PBXNativeTarget "Weather forecast 2.0" */;
			buildPhases = (
				7A44496A1EC75CDF0026BE9E /* Sources */,
				7A44496B1EC75CDF0026BE9E /* Frameworks */,
				7A44496C1EC75CDF0026BE9E /* Resources */,
			);
			buildRules = (
			);
			dependencies = (
			);
			name = "Weather forecast 2.0";
			productName = "Weather forecast 2.0";
			productReference = 7A44496E1EC75CDF0026BE9E /* Weather forecast 2.0.app */;
			productType = "com.apple.product-type.application";
		};
/* End PBXNativeTarget section */

/* Begin PBXProject section */
		7A4449661EC75CDF0026BE9E /* Project object */ = {
			isa = PBXProject;
			attributes = {
				LastSwiftUpdateCheck = 0830;
				LastUpgradeCheck = 0830;
				ORGANIZATIONNAME = "Hamza Ghani";
				TargetAttributes = {
					7A44496D1EC75CDF0026BE9E = {
						CreatedOnToolsVersion = 8.3.2;
						ProvisioningStyle = Automatic;
					};
				};
			};
			buildConfigurationList = 7A4449691EC75CDF0026BE9E /* Build configuration list for PBXProject "Weather forecast 2.0" */;
			compatibilityVersion = "Xcode 3.2";
			developmentRegion = English;
			hasScannedForEncodings = 0;
			knownRegions = (
				en,
				Base,
			);
			mainGroup = 7A4449651EC75CDF0026BE9E;
			productRefGroup = 7A44496F1EC75CDF0026BE9E /* Products */;
			projectDirPath = "";
			projectRoot = "";
			targets = (
				7A44496D1EC75CDF0026BE9E /* Weather forecast 2.0 */,
			);
		};
/* End PBXProject section */

/* Begin PBXResourcesBuildPhase section */
		7A44496C1EC75CDF0026BE9E /* Resources */ = {
			isa = PBXResourcesBuildPhase;
			buildActionMask = 2147483647;
			files = (
				7A44497C1EC75CDF0026BE9E /* LaunchScreen.storyboard in Resources */,
				7A4449791EC75CDF0026BE9E /* Assets.xcassets in Resources */,
				7A4449771EC75CDF0026BE9E /* Main.storyboard in Resources */,
			);
			runOnlyForDeploymentPostprocessing = 0;
		};
/* End PBXResourcesBuildPhase section */

/* Begin PBXSourcesBuildPhase section */
		7A44496A1EC75CDF0026BE9E /* Sources */ = {
			isa = PBXSourcesBuildPhase;
			buildActionMask = 2147483647;
			files = (
				7A4449741EC75CDF0026BE9E /* ViewController.swift in Sources */,
				7A4449841EC75D400026BE9E /* WeatherForcastTableViewController.swift in Sources */,
				7A4449861EC75DE20026BE9E /* Hourly.swift in Sources */,
				7A4449721EC75CDF0026BE9E /* AppDelegate.swift in Sources */,
			);
			runOnlyForDeploymentPostprocessing = 0;
		};
/* End PBXSourcesBuildPhase section */

/* Begin PBXVariantGroup section */
		7A4449751EC75CDF0026BE9E /* Main.storyboard */ = {
			isa = PBXVariantGroup;
			children = (
				7A4449761EC75CDF0026BE9E /* Base */,
			);
			name = Main.storyboard;
			sourceTree = "<group>";
		};
		7A44497A1EC75CDF0026BE9E /* LaunchScreen.storyboard */ = {
			isa = PBXVariantGroup;
			children = (
				7A44497B1EC75CDF0026BE9E /* Base */,
			);
			name = LaunchScreen.storyboard;
			sourceTree = "<group>";
		};
/* End PBXVariantGroup section */

/* Begin XCBuildConfiguration section */
		7A44497E1EC75CDF0026BE9E /* Debug */ = {
			isa = XCBuildConfiguration;
			buildSettings = {
				ALWAYS_SEARCH_USER_PATHS = NO;
				CLANG_ANALYZER_NONNULL = YES;
				CLANG_ANALYZER_NUMBER_OBJECT_CONVERSION = YES_AGGRESSIVE;
				CLANG_CXX_LANGUAGE_STANDARD = "gnu++0x";
				CLANG_CXX_LIBRARY = "libc++";
				CLANG_ENABLE_MODULES = YES;
				CLANG_ENABLE_OBJC_ARC = YES;
				CLANG_WARN_BOOL_CONVERSION = YES;
				CLANG_WARN_CONSTANT_CONVERSION = YES;
				CLANG_WARN_DIRECT_OBJC_ISA_USAGE = YES_ERROR;
				CLANG_WARN_DOCUMENTATION_COMMENTS = YES;
				CLANG_WARN_EMPTY_BODY = YES;
				CLANG_WARN_ENUM_CONVERSION = YES;
				CLANG_WARN_INFINITE_RECURSION = YES;
				CLANG_WARN_INT_CONVERSION = YES;
				CLANG_WARN_OBJC_ROOT_CLASS = YES_ERROR;
				CLANG_WARN_SUSPICIOUS_MOVE = YES;
				CLANG_WARN_UNREACHABLE_CODE = YES;
				CLANG_WARN__DUPLICATE_METHOD_MATCH = YES;
				"CODE_SIGN_IDENTITY[sdk=iphoneos*]" = "iPhone Developer";
				COPY_PHASE_STRIP = NO;
				DEBUG_INFORMATION_FORMAT = dwarf;
				ENABLE_STRICT_OBJC_MSGSEND = YES;
				ENABLE_TESTABILITY = YES;
				GCC_C_LANGUAGE_STANDARD = gnu99;
				GCC_DYNAMIC_NO_PIC = NO;
				GCC_NO_COMMON_BLOCKS = YES;
				GCC_OPTIMIZATION_LEVEL = 0;
				GCC_PREPROCESSOR_DEFINITIONS = (
					"DEBUG=1",
					"$(inherited)",
				);
				GCC_WARN_64_TO_32_BIT_CONVERSION = YES;
				GCC_WARN_ABOUT_RETURN_TYPE = YES_ERROR;
				GCC_WARN_UNDECLARED_SELECTOR = YES;
				GCC_WARN_UNINITIALIZED_AUTOS = YES_AGGRESSIVE;
				GCC_WARN_UNUSED_FUNCTION = YES;
				GCC_WARN_UNUSED_VARIABLE = YES;
				IPHONEOS_DEPLOYMENT_TARGET = 10.3;
				MTL_ENABLE_DEBUG_INFO = YES;
				ONLY_ACTIVE_ARCH = YES;
				SDKROOT = iphoneos;
				SWIFT_ACTIVE_COMPILATION_CONDITIONS = DEBUG;
				SWIFT_OPTIMIZATION_LEVEL = "-Onone";
				TARGETED_DEVICE_FAMILY = "1,2";
			};
			name = Debug;
		};
		7A44497F1EC75CDF0026BE9E /* Release */ = {
			isa = XCBuildConfiguration;
			buildSettings = {
				ALWAYS_SEARCH_USER_PATHS = NO;
				CLANG_ANALYZER_NONNULL = YES;
				CLANG_ANALYZER_NUMBER_OBJECT_CONVERSION = YES_AGGRESSIVE;
				CLANG_CXX_LANGUAGE_STANDARD = "gnu++0x";
				CLANG_CXX_LIBRARY = "libc++";
				CLANG_ENABLE_MODULES = YES;
				CLANG_ENABLE_OBJC_ARC = YES;
				CLANG_WARN_BOOL_CONVERSION = YES;
				CLANG_WARN_CONSTANT_CONVERSION = YES;
				CLANG_WARN_DIRECT_OBJC_ISA_USAGE = YES_ERROR;
				CLANG_WARN_DOCUMENTATION_COMMENTS = YES;
				CLANG_WARN_EMPTY_BODY = YES;
				CLANG_WARN_ENUM_CONVERSION = YES;
				CLANG_WARN_INFINITE_RECURSION = YES;
				CLANG_WARN_INT_CONVERSION = YES;
				CLANG_WARN_OBJC_ROOT_CLASS = YES_ERROR;
				CLANG_WARN_SUSPICIOUS_MOVE = YES;
				CLANG_WARN_UNREACHABLE_CODE = YES;
				CLANG_WARN__DUPLICATE_METHOD_MATCH = YES;
				"CODE_SIGN_IDENTITY[sdk=iphoneos*]" = "iPhone Developer";
				COPY_PHASE_STRIP = NO;
				DEBUG_INFORMATION_FORMAT = "dwarf-with-dsym";
				ENABLE_NS_ASSERTIONS = NO;
				ENABLE_STRICT_OBJC_MSGSEND = YES;
				GCC_C_LANGUAGE_STANDARD = gnu99;
				GCC_NO_COMMON_BLOCKS = YES;
				GCC_WARN_64_TO_32_BIT_CONVERSION = YES;
				GCC_WARN_ABOUT_RETURN_TYPE = YES_ERROR;
				GCC_WARN_UNDECLARED_SELECTOR = YES;
				GCC_WARN_UNINITIALIZED_AUTOS = YES_AGGRESSIVE;
				GCC_WARN_UNUSED_FUNCTION = YES;
				GCC_WARN_UNUSED_VARIABLE = YES;
				IPHONEOS_DEPLOYMENT_TARGET = 10.3;
				MTL_ENABLE_DEBUG_INFO = NO;
				SDKROOT = iphoneos;
				SWIFT_OPTIMIZATION_LEVEL = "-Owholemodule";
				TARGETED_DEVICE_FAMILY = "1,2";
				VALIDATE_PRODUCT = YES;
			};
			name = Release;
		};
		7A4449811EC75CDF0026BE9E /* Debug */ = {
			isa = XCBuildConfiguration;
			buildSettings = {
				ASSETCATALOG_COMPILER_APPICON_NAME = AppIcon;
				INFOPLIST_FILE = "Weather forecast 2.0/Info.plist";
				LD_RUNPATH_SEARCH_PATHS = "$(inherited) @executable_path/Frameworks";
				PRODUCT_BUNDLE_IDENTIFIER = "io.github.hufghani.Weather-forecast-2-0";
				PRODUCT_NAME = "$(TARGET_NAME)";
				SWIFT_VERSION = 3.0;
			};
			name = Debug;
		};
		7A4449821EC75CDF0026BE9E /* Release */ = {
			isa = XCBuildConfiguration;
			buildSettings = {
				ASSETCATALOG_COMPILER_APPICON_NAME = AppIcon;
				INFOPLIST_FILE = "Weather forecast 2.0/Info.plist";
				LD_RUNPATH_SEARCH_PATHS = "$(inherited) @executable_path/Frameworks";
				PRODUCT_BUNDLE_IDENTIFIER = "io.github.hufghani.Weather-forecast-2-0";
				PRODUCT_NAME = "$(TARGET_NAME)";
				SWIFT_VERSION = 3.0;
			};
			name = Release;
		};
/* End XCBuildConfiguration section */

/* Begin XCConfigurationList section */
		7A4449691EC75CDF0026BE9E /* Build configuration list for PBXProject "Weather forecast 2.0" */ = {
			isa = XCConfigurationList;
			buildConfigurations = (
				7A44497E1EC75CDF0026BE9E /* Debug */,
				7A44497F1EC75CDF0026BE9E /* Release */,
			);
			defaultConfigurationIsVisible = 0;
			defaultConfigurationName = Release;
		};
		7A4449801EC75CDF0026BE9E /* Build configuration list for PBXNativeTarget "Weather forecast 2.0" */ = {
			isa = XCConfigurationList;
			buildConfigurations = (
				7A4449811EC75CDF0026BE9E /* Debug */,
				7A4449821EC75CDF0026BE9E /* Release */,
			);
			defaultConfigurationIsVisible = 0;
		};
/* End XCConfigurationList section */
	};
	rootObject = 7A4449661EC75CDF0026BE9E /* Project object */;
}
