// !$*UTF8*$!
{
	archiveVersion = 1;
	classes = {
	};
	objectVersion = 46;
	objects = {

/* Begin PBXBuildFile section */
		7A1A659E1EBFB64D00F3091B /* AppDelegate.swift in Sources */ = {isa = PBXBuildFile; fileRef = 7A1A659D1EBFB64D00F3091B /* AppDelegate.swift */; };
		7A1A65A01EBFB64D00F3091B /* ViewController.swift in Sources */ = {isa = PBXBuildFile; fileRef = 7A1A659F1EBFB64D00F3091B /* ViewController.swift */; };
		7A1A65A31EBFB64D00F3091B /* Main.storyboard in Resources */ = {isa = PBXBuildFile; fileRef = 7A1A65A11EBFB64D00F3091B /* Main.storyboard */; };
		7A1A65A51EBFB64D00F3091B /* Assets.xcassets in Resources */ = {isa = PBXBuildFile; fileRef = 7A1A65A41EBFB64D00F3091B /* Assets.xcassets */; };
		7A1A65A81EBFB64D00F3091B /* LaunchScreen.storyboard in Resources */ = {isa = PBXBuildFile; fileRef = 7A1A65A61EBFB64D00F3091B /* LaunchScreen.storyboard */; };
		7A1A65B01EBFB6B200F3091B /* NumbersTableViewController.swift in Sources */ = {isa = PBXBuildFile; fileRef = 7A1A65AF1EBFB6B200F3091B /* NumbersTableViewController.swift */; };
		7A1A65B21EBFB8AB00F3091B /* BigNumberViewController.swift in Sources */ = {isa = PBXBuildFile; fileRef = 7A1A65B11EBFB8AB00F3091B /* BigNumberViewController.swift */; };
/* End PBXBuildFile section */

/* Begin PBXFileReference section */
		7A1A659A1EBFB64D00F3091B /* Task Navigation Controllers.app */ = {isa = PBXFileReference; explicitFileType = wrapper.application; includeInIndex = 0; path = "Task Navigation Controllers.app"; sourceTree = BUILT_PRODUCTS_DIR; };
		7A1A659D1EBFB64D00F3091B /* AppDelegate.swift */ = {isa = PBXFileReference; lastKnownFileType = sourcecode.swift; path = AppDelegate.swift; sourceTree = "<group>"; };
		7A1A659F1EBFB64D00F3091B /* ViewController.swift */ = {isa = PBXFileReference; lastKnownFileType = sourcecode.swift; path = ViewController.swift; sourceTree = "<group>"; };
		7A1A65A21EBFB64D00F3091B /* Base */ = {isa = PBXFileReference; lastKnownFileType = file.storyboard; name = Base; path = Base.lproj/Main.storyboard; sourceTree = "<group>"; };
		7A1A65A41EBFB64D00F3091B /* Assets.xcassets */ = {isa = PBXFileReference; lastKnownFileType = folder.assetcatalog; path = Assets.xcassets; sourceTree = "<group>"; };
		7A1A65A71EBFB64D00F3091B /* Base */ = {isa = PBXFileReference; lastKnownFileType = file.storyboard; name = Base; path = Base.lproj/LaunchScreen.storyboard; sourceTree = "<group>"; };
		7A1A65A91EBFB64D00F3091B /* Info.plist */ = {isa = PBXFileReference; lastKnownFileType = text.plist.xml; path = Info.plist; sourceTree = "<group>"; };
		7A1A65AF1EBFB6B200F3091B /* NumbersTableViewController.swift */ = {isa = PBXFileReference; fileEncoding = 4; lastKnownFileType = sourcecode.swift; path = NumbersTableViewController.swift; sourceTree = "<group>"; };
		7A1A65B11EBFB8AB00F3091B /* BigNumberViewController.swift */ = {isa = PBXFileReference; fileEncoding = 4; lastKnownFileType = sourcecode.swift; path = BigNumberViewController.swift; sourceTree = "<group>"; };
/* End PBXFileReference section */

/* Begin PBXFrameworksBuildPhase section */
		7A1A65971EBFB64D00F3091B /* Frameworks */ = {
			isa = PBXFrameworksBuildPhase;
			buildActionMask = 2147483647;
			files = (
			);
			runOnlyForDeploymentPostprocessing = 0;
		};
/* End PBXFrameworksBuildPhase section */

/* Begin PBXGroup section */
		7A1A65911EBFB64D00F3091B = {
			isa = PBXGroup;
			children = (
				7A1A659C1EBFB64D00F3091B /* Task Navigation Controllers */,
				7A1A659B1EBFB64D00F3091B /* Products */,
			);
			sourceTree = "<group>";
		};
		7A1A659B1EBFB64D00F3091B /* Products */ = {
			isa = PBXGroup;
			children = (
				7A1A659A1EBFB64D00F3091B /* Task Navigation Controllers.app */,
			);
			name = Products;
			sourceTree = "<group>";
		};
		7A1A659C1EBFB64D00F3091B /* Task Navigation Controllers */ = {
			isa = PBXGroup;
			children = (
				7A1A659D1EBFB64D00F3091B /* AppDelegate.swift */,
				7A1A659F1EBFB64D00F3091B /* ViewController.swift */,
				7A1A65A11EBFB64D00F3091B /* Main.storyboard */,
				7A1A65A41EBFB64D00F3091B /* Assets.xcassets */,
				7A1A65A61EBFB64D00F3091B /* LaunchScreen.storyboard */,
				7A1A65A91EBFB64D00F3091B /* Info.plist */,
				7A1A65AF1EBFB6B200F3091B /* NumbersTableViewController.swift */,
				7A1A65B11EBFB8AB00F3091B /* BigNumberViewController.swift */,
			);
			path = "Task Navigation Controllers";
			sourceTree = "<group>";
		};
/* End PBXGroup section */

/* Begin PBXNativeTarget section */
		7A1A65991EBFB64D00F3091B /* Task Navigation Controllers */ = {
			isa = PBXNativeTarget;
			buildConfigurationList = 7A1A65AC1EBFB64D00F3091B /* Build configuration list for PBXNativeTarget "Task Navigation Controllers" */;
			buildPhases = (
				7A1A65961EBFB64D00F3091B /* Sources */,
				7A1A65971EBFB64D00F3091B /* Frameworks */,
				7A1A65981EBFB64D00F3091B /* Resources */,
			);
			buildRules = (
			);
			dependencies = (
			);
			name = "Task Navigation Controllers";
			productName = "Task Navigation Controllers";
			productReference = 7A1A659A1EBFB64D00F3091B /* Task Navigation Controllers.app */;
			productType = "com.apple.product-type.application";
		};
/* End PBXNativeTarget section */

/* Begin PBXProject section */
		7A1A65921EBFB64D00F3091B /* Project object */ = {
			isa = PBXProject;
			attributes = {
				LastSwiftUpdateCheck = 0830;
				LastUpgradeCheck = 0830;
				ORGANIZATIONNAME = "Hamza Ghani";
				TargetAttributes = {
					7A1A65991EBFB64D00F3091B = {
						CreatedOnToolsVersion = 8.3.2;
						ProvisioningStyle = Automatic;
					};
				};
			};
			buildConfigurationList = 7A1A65951EBFB64D00F3091B /* Build configuration list for PBXProject "Task Navigation Controllers" */;
			compatibilityVersion = "Xcode 3.2";
			developmentRegion = English;
			hasScannedForEncodings = 0;
			knownRegions = (
				en,
				Base,
			);
			mainGroup = 7A1A65911EBFB64D00F3091B;
			productRefGroup = 7A1A659B1EBFB64D00F3091B /* Products */;
			projectDirPath = "";
			projectRoot = "";
			targets = (
				7A1A65991EBFB64D00F3091B /* Task Navigation Controllers */,
			);
		};
/* End PBXProject section */

/* Begin PBXResourcesBuildPhase section */
		7A1A65981EBFB64D00F3091B /* Resources */ = {
			isa = PBXResourcesBuildPhase;
			buildActionMask = 2147483647;
			files = (
				7A1A65A81EBFB64D00F3091B /* LaunchScreen.storyboard in Resources */,
				7A1A65A51EBFB64D00F3091B /* Assets.xcassets in Resources */,
				7A1A65A31EBFB64D00F3091B /* Main.storyboard in Resources */,
			);
			runOnlyForDeploymentPostprocessing = 0;
		};
/* End PBXResourcesBuildPhase section */

/* Begin PBXSourcesBuildPhase section */
		7A1A65961EBFB64D00F3091B /* Sources */ = {
			isa = PBXSourcesBuildPhase;
			buildActionMask = 2147483647;
			files = (
				7A1A65A01EBFB64D00F3091B /* ViewController.swift in Sources */,
				7A1A659E1EBFB64D00F3091B /* AppDelegate.swift in Sources */,
				7A1A65B21EBFB8AB00F3091B /* BigNumberViewController.swift in Sources */,
				7A1A65B01EBFB6B200F3091B /* NumbersTableViewController.swift in Sources */,
			);
			runOnlyForDeploymentPostprocessing = 0;
		};
/* End PBXSourcesBuildPhase section */

/* Begin PBXVariantGroup section */
		7A1A65A11EBFB64D00F3091B /* Main.storyboard */ = {
			isa = PBXVariantGroup;
			children = (
				7A1A65A21EBFB64D00F3091B /* Base */,
			);
			name = Main.storyboard;
			sourceTree = "<group>";
		};
		7A1A65A61EBFB64D00F3091B /* LaunchScreen.storyboard */ = {
			isa = PBXVariantGroup;
			children = (
				7A1A65A71EBFB64D00F3091B /* Base */,
			);
			name = LaunchScreen.storyboard;
			sourceTree = "<group>";
		};
/* End PBXVariantGroup section */

/* Begin XCBuildConfiguration section */
		7A1A65AA1EBFB64D00F3091B /* Debug */ = {
			isa = XCBuildConfiguration;
			buildSettings = {
				ALWAYS_SEARCH_USER_PATHS = NO;
				CLANG_ANALYZER_NONNULL = YES;
				CLANG_ANALYZER_NUMBER_OBJECT_CONVERSION = YES_AGGRESSIVE;
				CLANG_CXX_LANGUAGE_STANDARD = "gnu++0x";
				CLANG_CXX_LIBRARY = "libc++";
				CLANG_ENABLE_MODULES = YES;
				CLANG_ENABLE_OBJC_ARC = YES;
				CLANG_WARN_BOOL_CONVERSION = YES;
				CLANG_WARN_CONSTANT_CONVERSION = YES;
				CLANG_WARN_DIRECT_OBJC_ISA_USAGE = YES_ERROR;
				CLANG_WARN_DOCUMENTATION_COMMENTS = YES;
				CLANG_WARN_EMPTY_BODY = YES;
				CLANG_WARN_ENUM_CONVERSION = YES;
				CLANG_WARN_INFINITE_RECURSION = YES;
				CLANG_WARN_INT_CONVERSION = YES;
				CLANG_WARN_OBJC_ROOT_CLASS = YES_ERROR;
				CLANG_WARN_SUSPICIOUS_MOVE = YES;
				CLANG_WARN_UNREACHABLE_CODE = YES;
				CLANG_WARN__DUPLICATE_METHOD_MATCH = YES;
				"CODE_SIGN_IDENTITY[sdk=iphoneos*]" = "iPhone Developer";
				COPY_PHASE_STRIP = NO;
				DEBUG_INFORMATION_FORMAT = dwarf;
				ENABLE_STRICT_OBJC_MSGSEND = YES;
				ENABLE_TESTABILITY = YES;
				GCC_C_LANGUAGE_STANDARD = gnu99;
				GCC_DYNAMIC_NO_PIC = NO;
				GCC_NO_COMMON_BLOCKS = YES;
				GCC_OPTIMIZATION_LEVEL = 0;
				GCC_PREPROCESSOR_DEFINITIONS = (
					"DEBUG=1",
					"$(inherited)",
				);
				GCC_WARN_64_TO_32_BIT_CONVERSION = YES;
				GCC_WARN_ABOUT_RETURN_TYPE = YES_ERROR;
				GCC_WARN_UNDECLARED_SELECTOR = YES;
				GCC_WARN_UNINITIALIZED_AUTOS = YES_AGGRESSIVE;
				GCC_WARN_UNUSED_FUNCTION = YES;
				GCC_WARN_UNUSED_VARIABLE = YES;
				IPHONEOS_DEPLOYMENT_TARGET = 10.3;
				MTL_ENABLE_DEBUG_INFO = YES;
				ONLY_ACTIVE_ARCH = YES;
				SDKROOT = iphoneos;
				SWIFT_ACTIVE_COMPILATION_CONDITIONS = DEBUG;
				SWIFT_OPTIMIZATION_LEVEL = "-Onone";
				TARGETED_DEVICE_FAMILY = "1,2";
			};
			name = Debug;
		};
		7A1A65AB1EBFB64D00F3091B /* Release */ = {
			isa = XCBuildConfiguration;
			buildSettings = {
				ALWAYS_SEARCH_USER_PATHS = NO;
				CLANG_ANALYZER_NONNULL = YES;
				CLANG_ANALYZER_NUMBER_OBJECT_CONVERSION = YES_AGGRESSIVE;
				CLANG_CXX_LANGUAGE_STANDARD = "gnu++0x";
				CLANG_CXX_LIBRARY = "libc++";
				CLANG_ENABLE_MODULES = YES;
				CLANG_ENABLE_OBJC_ARC = YES;
				CLANG_WARN_BOOL_CONVERSION = YES;
				CLANG_WARN_CONSTANT_CONVERSION = YES;
				CLANG_WARN_DIRECT_OBJC_ISA_USAGE = YES_ERROR;
				CLANG_WARN_DOCUMENTATION_COMMENTS = YES;
				CLANG_WARN_EMPTY_BODY = YES;
				CLANG_WARN_ENUM_CONVERSION = YES;
				CLANG_WARN_INFINITE_RECURSION = YES;
				CLANG_WARN_INT_CONVERSION = YES;
				CLANG_WARN_OBJC_ROOT_CLASS = YES_ERROR;
				CLANG_WARN_SUSPICIOUS_MOVE = YES;
				CLANG_WARN_UNREACHABLE_CODE = YES;
				CLANG_WARN__DUPLICATE_METHOD_MATCH = YES;
				"CODE_SIGN_IDENTITY[sdk=iphoneos*]" = "iPhone Developer";
				COPY_PHASE_STRIP = NO;
				DEBUG_INFORMATION_FORMAT = "dwarf-with-dsym";
				ENABLE_NS_ASSERTIONS = NO;
				ENABLE_STRICT_OBJC_MSGSEND = YES;
				GCC_C_LANGUAGE_STANDARD = gnu99;
				GCC_NO_COMMON_BLOCKS = YES;
				GCC_WARN_64_TO_32_BIT_CONVERSION = YES;
				GCC_WARN_ABOUT_RETURN_TYPE = YES_ERROR;
				GCC_WARN_UNDECLARED_SELECTOR = YES;
				GCC_WARN_UNINITIALIZED_AUTOS = YES_AGGRESSIVE;
				GCC_WARN_UNUSED_FUNCTION = YES;
				GCC_WARN_UNUSED_VARIABLE = YES;
				IPHONEOS_DEPLOYMENT_TARGET = 10.3;
				MTL_ENABLE_DEBUG_INFO = NO;
				SDKROOT = iphoneos;
				SWIFT_OPTIMIZATION_LEVEL = "-Owholemodule";
				TARGETED_DEVICE_FAMILY = "1,2";
				VALIDATE_PRODUCT = YES;
			};
			name = Release;
		};
		7A1A65AD1EBFB64D00F3091B /* Debug */ = {
			isa = XCBuildConfiguration;
			buildSettings = {
				ASSETCATALOG_COMPILER_APPICON_NAME = AppIcon;
				INFOPLIST_FILE = "Task Navigation Controllers/Info.plist";
				LD_RUNPATH_SEARCH_PATHS = "$(inherited) @executable_path/Frameworks";
				PRODUCT_BUNDLE_IDENTIFIER = "io.github.hufghani.Task-Navigation-Controllers";
				PRODUCT_NAME = "$(TARGET_NAME)";
				SWIFT_VERSION = 3.0;
			};
			name = Debug;
		};
		7A1A65AE1EBFB64D00F3091B /* Release */ = {
			isa = XCBuildConfiguration;
			buildSettings = {
				ASSETCATALOG_COMPILER_APPICON_NAME = AppIcon;
				INFOPLIST_FILE = "Task Navigation Controllers/Info.plist";
				LD_RUNPATH_SEARCH_PATHS = "$(inherited) @executable_path/Frameworks";
				PRODUCT_BUNDLE_IDENTIFIER = "io.github.hufghani.Task-Navigation-Controllers";
				PRODUCT_NAME = "$(TARGET_NAME)";
				SWIFT_VERSION = 3.0;
			};
			name = Release;
		};
/* End XCBuildConfiguration section */

/* Begin XCConfigurationList section */
		7A1A65951EBFB64D00F3091B /* Build configuration list for PBXProject "Task Navigation Controllers" */ = {
			isa = XCConfigurationList;
			buildConfigurations = (
				7A1A65AA1EBFB64D00F3091B /* Debug */,
				7A1A65AB1EBFB64D00F3091B /* Release */,
			);
			defaultConfigurationIsVisible = 0;
			defaultConfigurationName = Release;
		};
		7A1A65AC1EBFB64D00F3091B /* Build configuration list for PBXNativeTarget "Task Navigation Controllers" */ = {
			isa = XCConfigurationList;
			buildConfigurations = (
				7A1A65AD1EBFB64D00F3091B /* Debug */,
				7A1A65AE1EBFB64D00F3091B /* Release */,
			);
			defaultConfigurationIsVisible = 0;
		};
/* End XCConfigurationList section */
	};
	rootObject = 7A1A65921EBFB64D00F3091B /* Project object */;
}
