// !$*UTF8*$!
{
	archiveVersion = 1;
	classes = {
	};
	objectVersion = 46;
	objects = {

/* Begin PBXBuildFile section */
		AC122F7E1ECE0499007042C4 /* AppDelegate.swift in Sources */ = {isa = PBXBuildFile; fileRef = AC122F7D1ECE0499007042C4 /* AppDelegate.swift */; };
		AC122F801ECE0499007042C4 /* ViewController.swift in Sources */ = {isa = PBXBuildFile; fileRef = AC122F7F1ECE0499007042C4 /* ViewController.swift */; };
		AC122F831ECE0499007042C4 /* Main.storyboard in Resources */ = {isa = PBXBuildFile; fileRef = AC122F811ECE0499007042C4 /* Main.storyboard */; };
		AC122F851ECE0499007042C4 /* Assets.xcassets in Resources */ = {isa = PBXBuildFile; fileRef = AC122F841ECE0499007042C4 /* Assets.xcassets */; };
		AC122F881ECE0499007042C4 /* LaunchScreen.storyboard in Resources */ = {isa = PBXBuildFile; fileRef = AC122F861ECE0499007042C4 /* LaunchScreen.storyboard */; };
		AC122F901ECE0936007042C4 /* Locations.swift in Sources */ = {isa = PBXBuildFile; fileRef = AC122F8F1ECE0936007042C4 /* Locations.swift */; };
/* End PBXBuildFile section */

/* Begin PBXFileReference section */
		AC122F7A1ECE0499007042C4 /* Mock Question 3.app */ = {isa = PBXFileReference; explicitFileType = wrapper.application; includeInIndex = 0; path = "Mock Question 3.app"; sourceTree = BUILT_PRODUCTS_DIR; };
		AC122F7D1ECE0499007042C4 /* AppDelegate.swift */ = {isa = PBXFileReference; lastKnownFileType = sourcecode.swift; path = AppDelegate.swift; sourceTree = "<group>"; };
		AC122F7F1ECE0499007042C4 /* ViewController.swift */ = {isa = PBXFileReference; lastKnownFileType = sourcecode.swift; path = ViewController.swift; sourceTree = "<group>"; };
		AC122F821ECE0499007042C4 /* Base */ = {isa = PBXFileReference; lastKnownFileType = file.storyboard; name = Base; path = Base.lproj/Main.storyboard; sourceTree = "<group>"; };
		AC122F841ECE0499007042C4 /* Assets.xcassets */ = {isa = PBXFileReference; lastKnownFileType = folder.assetcatalog; path = Assets.xcassets; sourceTree = "<group>"; };
		AC122F871ECE0499007042C4 /* Base */ = {isa = PBXFileReference; lastKnownFileType = file.storyboard; name = Base; path = Base.lproj/LaunchScreen.storyboard; sourceTree = "<group>"; };
		AC122F891ECE0499007042C4 /* Info.plist */ = {isa = PBXFileReference; lastKnownFileType = text.plist.xml; path = Info.plist; sourceTree = "<group>"; };
		AC122F8F1ECE0936007042C4 /* Locations.swift */ = {isa = PBXFileReference; fileEncoding = 4; lastKnownFileType = sourcecode.swift; path = Locations.swift; sourceTree = "<group>"; };
/* End PBXFileReference section */

/* Begin PBXFrameworksBuildPhase section */
		AC122F771ECE0499007042C4 /* Frameworks */ = {
			isa = PBXFrameworksBuildPhase;
			buildActionMask = 2147483647;
			files = (
			);
			runOnlyForDeploymentPostprocessing = 0;
		};
/* End PBXFrameworksBuildPhase section */

/* Begin PBXGroup section */
		AC122F711ECE0499007042C4 = {
			isa = PBXGroup;
			children = (
				AC122F7C1ECE0499007042C4 /* Mock Question 3 */,
				AC122F7B1ECE0499007042C4 /* Products */,
			);
			sourceTree = "<group>";
		};
		AC122F7B1ECE0499007042C4 /* Products */ = {
			isa = PBXGroup;
			children = (
				AC122F7A1ECE0499007042C4 /* Mock Question 3.app */,
			);
			name = Products;
			sourceTree = "<group>";
		};
		AC122F7C1ECE0499007042C4 /* Mock Question 3 */ = {
			isa = PBXGroup;
			children = (
				AC122F7D1ECE0499007042C4 /* AppDelegate.swift */,
				AC122F7F1ECE0499007042C4 /* ViewController.swift */,
				AC122F811ECE0499007042C4 /* Main.storyboard */,
				AC122F841ECE0499007042C4 /* Assets.xcassets */,
				AC122F861ECE0499007042C4 /* LaunchScreen.storyboard */,
				AC122F891ECE0499007042C4 /* Info.plist */,
				AC122F8F1ECE0936007042C4 /* Locations.swift */,
			);
			path = "Mock Question 3";
			sourceTree = "<group>";
		};
/* End PBXGroup section */

/* Begin PBXNativeTarget section */
		AC122F791ECE0499007042C4 /* Mock Question 3 */ = {
			isa = PBXNativeTarget;
			buildConfigurationList = AC122F8C1ECE0499007042C4 /* Build configuration list for PBXNativeTarget "Mock Question 3" */;
			buildPhases = (
				AC122F761ECE0499007042C4 /* Sources */,
				AC122F771ECE0499007042C4 /* Frameworks */,
				AC122F781ECE0499007042C4 /* Resources */,
			);
			buildRules = (
			);
			dependencies = (
			);
			name = "Mock Question 3";
			productName = "Mock Question 3";
			productReference = AC122F7A1ECE0499007042C4 /* Mock Question 3.app */;
			productType = "com.apple.product-type.application";
		};
/* End PBXNativeTarget section */

/* Begin PBXProject section */
		AC122F721ECE0499007042C4 /* Project object */ = {
			isa = PBXProject;
			attributes = {
				LastSwiftUpdateCheck = 0820;
				LastUpgradeCheck = 0820;
				ORGANIZATIONNAME = "Hamza Ghani";
				TargetAttributes = {
					AC122F791ECE0499007042C4 = {
						CreatedOnToolsVersion = 8.2.1;
						ProvisioningStyle = Automatic;
					};
				};
			};
			buildConfigurationList = AC122F751ECE0499007042C4 /* Build configuration list for PBXProject "Mock Question 3" */;
			compatibilityVersion = "Xcode 3.2";
			developmentRegion = English;
			hasScannedForEncodings = 0;
			knownRegions = (
				en,
				Base,
			);
			mainGroup = AC122F711ECE0499007042C4;
			productRefGroup = AC122F7B1ECE0499007042C4 /* Products */;
			projectDirPath = "";
			projectRoot = "";
			targets = (
				AC122F791ECE0499007042C4 /* Mock Question 3 */,
			);
		};
/* End PBXProject section */

/* Begin PBXResourcesBuildPhase section */
		AC122F781ECE0499007042C4 /* Resources */ = {
			isa = PBXResourcesBuildPhase;
			buildActionMask = 2147483647;
			files = (
				AC122F881ECE0499007042C4 /* LaunchScreen.storyboard in Resources */,
				AC122F851ECE0499007042C4 /* Assets.xcassets in Resources */,
				AC122F831ECE0499007042C4 /* Main.storyboard in Resources */,
			);
			runOnlyForDeploymentPostprocessing = 0;
		};
/* End PBXResourcesBuildPhase section */

/* Begin PBXSourcesBuildPhase section */
		AC122F761ECE0499007042C4 /* Sources */ = {
			isa = PBXSourcesBuildPhase;
			buildActionMask = 2147483647;
			files = (
				AC122F901ECE0936007042C4 /* Locations.swift in Sources */,
				AC122F801ECE0499007042C4 /* ViewController.swift in Sources */,
				AC122F7E1ECE0499007042C4 /* AppDelegate.swift in Sources */,
			);
			runOnlyForDeploymentPostprocessing = 0;
		};
/* End PBXSourcesBuildPhase section */

/* Begin PBXVariantGroup section */
		AC122F811ECE0499007042C4 /* Main.storyboard */ = {
			isa = PBXVariantGroup;
			children = (
				AC122F821ECE0499007042C4 /* Base */,
			);
			name = Main.storyboard;
			sourceTree = "<group>";
		};
		AC122F861ECE0499007042C4 /* LaunchScreen.storyboard */ = {
			isa = PBXVariantGroup;
			children = (
				AC122F871ECE0499007042C4 /* Base */,
			);
			name = LaunchScreen.storyboard;
			sourceTree = "<group>";
		};
/* End PBXVariantGroup section */

/* Begin XCBuildConfiguration section */
		AC122F8A1ECE0499007042C4 /* Debug */ = {
			isa = XCBuildConfiguration;
			buildSettings = {
				ALWAYS_SEARCH_USER_PATHS = NO;
				CLANG_ANALYZER_NONNULL = YES;
				CLANG_CXX_LANGUAGE_STANDARD = "gnu++0x";
				CLANG_CXX_LIBRARY = "libc++";
				CLANG_ENABLE_MODULES = YES;
				CLANG_ENABLE_OBJC_ARC = YES;
				CLANG_WARN_BOOL_CONVERSION = YES;
				CLANG_WARN_CONSTANT_CONVERSION = YES;
				CLANG_WARN_DIRECT_OBJC_ISA_USAGE = YES_ERROR;
				CLANG_WARN_DOCUMENTATION_COMMENTS = YES;
				CLANG_WARN_EMPTY_BODY = YES;
				CLANG_WARN_ENUM_CONVERSION = YES;
				CLANG_WARN_INFINITE_RECURSION = YES;
				CLANG_WARN_INT_CONVERSION = YES;
				CLANG_WARN_OBJC_ROOT_CLASS = YES_ERROR;
				CLANG_WARN_SUSPICIOUS_MOVE = YES;
				CLANG_WARN_UNREACHABLE_CODE = YES;
				CLANG_WARN__DUPLICATE_METHOD_MATCH = YES;
				"CODE_SIGN_IDENTITY[sdk=iphoneos*]" = "iPhone Developer";
				COPY_PHASE_STRIP = NO;
				DEBUG_INFORMATION_FORMAT = dwarf;
				ENABLE_STRICT_OBJC_MSGSEND = YES;
				ENABLE_TESTABILITY = YES;
				GCC_C_LANGUAGE_STANDARD = gnu99;
				GCC_DYNAMIC_NO_PIC = NO;
				GCC_NO_COMMON_BLOCKS = YES;
				GCC_OPTIMIZATION_LEVEL = 0;
				GCC_PREPROCESSOR_DEFINITIONS = (
					"DEBUG=1",
					"$(inherited)",
				);
				GCC_WARN_64_TO_32_BIT_CONVERSION = YES;
				GCC_WARN_ABOUT_RETURN_TYPE = YES_ERROR;
				GCC_WARN_UNDECLARED_SELECTOR = YES;
				GCC_WARN_UNINITIALIZED_AUTOS = YES_AGGRESSIVE;
				GCC_WARN_UNUSED_FUNCTION = YES;
				GCC_WARN_UNUSED_VARIABLE = YES;
				IPHONEOS_DEPLOYMENT_TARGET = 10.2;
				MTL_ENABLE_DEBUG_INFO = YES;
				ONLY_ACTIVE_ARCH = YES;
				SDKROOT = iphoneos;
				SWIFT_ACTIVE_COMPILATION_CONDITIONS = DEBUG;
				SWIFT_OPTIMIZATION_LEVEL = "-Onone";
				TARGETED_DEVICE_FAMILY = "1,2";
			};
			name = Debug;
		};
		AC122F8B1ECE0499007042C4 /* Release */ = {
			isa = XCBuildConfiguration;
			buildSettings = {
				ALWAYS_SEARCH_USER_PATHS = NO;
				CLANG_ANALYZER_NONNULL = YES;
				CLANG_CXX_LANGUAGE_STANDARD = "gnu++0x";
				CLANG_CXX_LIBRARY = "libc++";
				CLANG_ENABLE_MODULES = YES;
				CLANG_ENABLE_OBJC_ARC = YES;
				CLANG_WARN_BOOL_CONVERSION = YES;
				CLANG_WARN_CONSTANT_CONVERSION = YES;
				CLANG_WARN_DIRECT_OBJC_ISA_USAGE = YES_ERROR;
				CLANG_WARN_DOCUMENTATION_COMMENTS = YES;
				CLANG_WARN_EMPTY_BODY = YES;
				CLANG_WARN_ENUM_CONVERSION = YES;
				CLANG_WARN_INFINITE_RECURSION = YES;
				CLANG_WARN_INT_CONVERSION = YES;
				CLANG_WARN_OBJC_ROOT_CLASS = YES_ERROR;
				CLANG_WARN_SUSPICIOUS_MOVE = YES;
				CLANG_WARN_UNREACHABLE_CODE = YES;
				CLANG_WARN__DUPLICATE_METHOD_MATCH = YES;
				"CODE_SIGN_IDENTITY[sdk=iphoneos*]" = "iPhone Developer";
				COPY_PHASE_STRIP = NO;
				DEBUG_INFORMATION_FORMAT = "dwarf-with-dsym";
				ENABLE_NS_ASSERTIONS = NO;
				ENABLE_STRICT_OBJC_MSGSEND = YES;
				GCC_C_LANGUAGE_STANDARD = gnu99;
				GCC_NO_COMMON_BLOCKS = YES;
				GCC_WARN_64_TO_32_BIT_CONVERSION = YES;
				GCC_WARN_ABOUT_RETURN_TYPE = YES_ERROR;
				GCC_WARN_UNDECLARED_SELECTOR = YES;
				GCC_WARN_UNINITIALIZED_AUTOS = YES_AGGRESSIVE;
				GCC_WARN_UNUSED_FUNCTION = YES;
				GCC_WARN_UNUSED_VARIABLE = YES;
				IPHONEOS_DEPLOYMENT_TARGET = 10.2;
				MTL_ENABLE_DEBUG_INFO = NO;
				SDKROOT = iphoneos;
				SWIFT_OPTIMIZATION_LEVEL = "-Owholemodule";
				TARGETED_DEVICE_FAMILY = "1,2";
				VALIDATE_PRODUCT = YES;
			};
			name = Release;
		};
		AC122F8D1ECE0499007042C4 /* Debug */ = {
			isa = XCBuildConfiguration;
			buildSettings = {
				ASSETCATALOG_COMPILER_APPICON_NAME = AppIcon;
				INFOPLIST_FILE = "Mock Question 3/Info.plist";
				LD_RUNPATH_SEARCH_PATHS = "$(inherited) @executable_path/Frameworks";
				PRODUCT_BUNDLE_IDENTIFIER = "io.github.hufghani.Mock-Question-3";
				PRODUCT_NAME = "$(TARGET_NAME)";
				SWIFT_VERSION = 3.0;
			};
			name = Debug;
		};
		AC122F8E1ECE0499007042C4 /* Release */ = {
			isa = XCBuildConfiguration;
			buildSettings = {
				ASSETCATALOG_COMPILER_APPICON_NAME = AppIcon;
				INFOPLIST_FILE = "Mock Question 3/Info.plist";
				LD_RUNPATH_SEARCH_PATHS = "$(inherited) @executable_path/Frameworks";
				PRODUCT_BUNDLE_IDENTIFIER = "io.github.hufghani.Mock-Question-3";
				PRODUCT_NAME = "$(TARGET_NAME)";
				SWIFT_VERSION = 3.0;
			};
			name = Release;
		};
/* End XCBuildConfiguration section */

/* Begin XCConfigurationList section */
		AC122F751ECE0499007042C4 /* Build configuration list for PBXProject "Mock Question 3" */ = {
			isa = XCConfigurationList;
			buildConfigurations = (
				AC122F8A1ECE0499007042C4 /* Debug */,
				AC122F8B1ECE0499007042C4 /* Release */,
			);
			defaultConfigurationIsVisible = 0;
			defaultConfigurationName = Release;
		};
		AC122F8C1ECE0499007042C4 /* Build configuration list for PBXNativeTarget "Mock Question 3" */ = {
			isa = XCConfigurationList;
			buildConfigurations = (
				AC122F8D1ECE0499007042C4 /* Debug */,
				AC122F8E1ECE0499007042C4 /* Release */,
			);
			defaultConfigurationIsVisible = 0;
		};
/* End XCConfigurationList section */
	};
	rootObject = AC122F721ECE0499007042C4 /* Project object */;
}
